
Microsoft Visual Studio Solution File, Format Version 12.00
# Visual Studio Version 16
VisualStudioVersion = 16.0.31321.278
MinimumVisualStudioVersion = 10.0.40219.1
Project("{FAE04EC0-301F-11D3-BF4B-00C04F79EFBC}") = "StaffDatabaseLib", "StaffDatabaseLib\StaffDatabaseLib.csproj", "{6A0502F3-8207-4CAA-B9F7-24D8F0A19770}"
EndProject
Project("{FAE04EC0-301F-11D3-BF4B-00C04F79EFBC}") = "StaffDatabaseApp", "StaffDatabaseApp\StaffDatabaseApp.csproj", "{238F2D61-F2E4-4F45-8408-DC85FDD94D0A}"
EndProject
Global
	GlobalSection(SolutionConfigurationPlatforms) = preSolution
		Debug|Any CPU = Debug|Any CPU
		Release|Any CPU = Release|Any CPU
	EndGlobalSection
	GlobalSection(ProjectConfigurationPlatforms) = postSolution
		{6A0502F3-8207-4CAA-B9F7-24D8F0A19770}.Debug|Any CPU.ActiveCfg = Debug|Any CPU
		{6A0502F3-8207-4CAA-B9F7-24D8F0A19770}.Debug|Any CPU.Build.0 = Debug|Any CPU
		{6A0502F3-8207-4CAA-B9F7-24D8F0A19770}.Release|Any CPU.ActiveCfg = Release|Any CPU
		{6A0502F3-8207-4CAA-B9F7-24D8F0A19770}.Release|Any CPU.Build.0 = Release|Any CPU
		{238F2D61-F2E4-4F45-8408-DC85FDD94D0A}.Debug|Any CPU.ActiveCfg = Debug|Any CPU
		{238F2D61-F2E4-4F45-8408-DC85FDD94D0A}.Debug|Any CPU.Build.0 = Debug|Any CPU
		{238F2D61-F2E4-4F45-8408-DC85FDD94D0A}.Release|Any CPU.ActiveCfg = Release|Any CPU
		{238F2D61-F2E4-4F45-8408-DC85FDD94D0A}.Release|Any CPU.Build.0 = Release|Any CPU
	EndGlobalSection
	GlobalSection(SolutionProperties) = preSolution
		HideSolutionNode = FALSE
	EndGlobalSection
	GlobalSection(ExtensibilityGlobals) = postSolution
		SolutionGuid = {F3D10780-42FB-43AC-8A70-6A9D7A0022D8}
	EndGlobalSection
EndGlobal
